{
    "version": 3,
    "terraform_version": "0.11.10",
    "serial": 17,
    "lineage": "92b2283b-0d65-e22f-91d2-1b62d36f5c4e",
    "modules": [
        {
            "path": [
                "root"
            ],
            "outputs": {
                "inventory": {
                    "sensitive": false,
                    "type": "list",
                    "value": [
                        "116.203.20.250",
                        "116.203.20.247",
                        "116.203.34.24"
                    ]
                }
            },
            "resources": {
                "hcloud_server.nodes.0": {
                    "type": "hcloud_server",
                    "depends_on": [
                        "hcloud_ssh_key.ssh_key"
                    ],
                    "primary": {
                        "id": "1512791",
                        "attributes": {
                            "backup_window": "",
                            "backups": "false",
                            "datacenter": "nbg1-dc3",
                            "id": "1512791",
                            "image": "centos-7",
                            "ipv4_address": "116.203.20.250",
                            "ipv6_address": "2a01:4f8:1c1c:73b::",
                            "ipv6_network": "2a01:4f8:1c1c:73b::/64",
                            "keep_disk": "false",
                            "labels.%": "0",
                            "location": "nbg1",
                            "name": "node0",
                            "server_type": "cx21",
                            "ssh_keys.#": "1",
                            "ssh_keys.0": "tf_key",
                            "status": "running"
                        },
                        "meta": {},
                        "tainted": false
                    },
                    "deposed": [],
                    "provider": "provider.hcloud"
                },
                "hcloud_server.nodes.1": {
                    "type": "hcloud_server",
                    "depends_on": [
                        "hcloud_ssh_key.ssh_key"
                    ],
                    "primary": {
                        "id": "1512790",
                        "attributes": {
                            "backup_window": "",
                            "backups": "false",
                            "datacenter": "nbg1-dc3",
                            "id": "1512790",
                            "image": "centos-7",
                            "ipv4_address": "116.203.20.247",
                            "ipv6_address": "2a01:4f8:1c0c:763a::",
                            "ipv6_network": "2a01:4f8:1c0c:763a::/64",
                            "keep_disk": "false",
                            "labels.%": "0",
                            "location": "nbg1",
                            "name": "node1",
                            "server_type": "cx21",
                            "ssh_keys.#": "1",
                            "ssh_keys.0": "tf_key",
                            "status": "running"
                        },
                        "meta": {},
                        "tainted": false
                    },
                    "deposed": [],
                    "provider": "provider.hcloud"
                },
                "hcloud_server.nodes.2": {
                    "type": "hcloud_server",
                    "depends_on": [
                        "hcloud_ssh_key.ssh_key"
                    ],
                    "primary": {
                        "id": "1512792",
                        "attributes": {
                            "backup_window": "",
                            "backups": "false",
                            "datacenter": "nbg1-dc3",
                            "id": "1512792",
                            "image": "centos-7",
                            "ipv4_address": "116.203.34.24",
                            "ipv6_address": "2a01:4f8:1c0c:54b4::",
                            "ipv6_network": "2a01:4f8:1c0c:54b4::/64",
                            "keep_disk": "false",
                            "labels.%": "0",
                            "location": "nbg1",
                            "name": "node2",
                            "server_type": "cx21",
                            "ssh_keys.#": "1",
                            "ssh_keys.0": "tf_key",
                            "status": "running"
                        },
                        "meta": {},
                        "tainted": false
                    },
                    "deposed": [],
                    "provider": "provider.hcloud"
                },
                "hcloud_ssh_key.ssh_key": {
                    "type": "hcloud_ssh_key",
                    "depends_on": [],
                    "primary": {
                        "id": "245785",
                        "attributes": {
                            "fingerprint": "88:01:0a:0b:76:f4:ee:12:92:e1:30:6e:aa:f6:f9:6a",
                            "id": "245785",
                            "labels.%": "0",
                            "name": "tf_key",
                            "public_key": "ssh-rsa AAAAB3NzaC1yc2EAAAADAQABAAABAQC71bqy5JIdKoxunTLl4eP97qyFr8DADAvBtNFarP9YpuTcnC9ZD+Fgop14eSZ8byoXDa+3bBUPw/8Gx0bq+o/GhJ4xd9USmNH/PN68z7CbqEd/TTQXoWJ2t6rO4TSIDGaUsgq2ZVR7/Uk/62xxVQsj0AhrZuFe37SSSFRP6QMjw/uXTFpWB5kIpzMeDC902ocOnV+689wDWFlUjThcMDn9Uji8zBz1vj7+eUhJOlKzClFNSK/EQS9+S9onMHBmHUl7TNXCR3RKDY1cz/H0OikUJLoVZiAaNqim4G0zdLFg2LwBDcHoO7fdWI6/HrFVQPwiW/SCBAQA+qkQwUEH3nCj m.narodovitch@gmx.de\n"
                        },
                        "meta": {},
                        "tainted": false
                    },
                    "deposed": [],
                    "provider": "provider.hcloud"
                }
            },
            "depends_on": []
        }
    ]
}
